{
  "name": "gaps-and-islands",
  "version": "0.1.0",
  "lockfileVersion": 1,
  "requires": true,
  "dependencies": {
    "@chevrotain/types": {
      "version": "9.1.0",
      "resolved": "https://registry.npmjs.org/@chevrotain/types/-/types-9.1.0.tgz",
      "integrity": "sha512-3hbCD1CThkv9gnaSIPq0GUXwKni68e0ph6jIHwCvcWiQ4JB2xi8bFxBain0RF04qHUWuDjgnZLj4rLgimuGO+g=="
    },
    "@chevrotain/utils": {
      "version": "9.1.0",
      "resolved": "https://registry.npmjs.org/@chevrotain/utils/-/utils-9.1.0.tgz",
      "integrity": "sha512-llLJZ8OAlZrjGlBvamm6Zdo/HmGAcCLq5gx7cSwUX8No+n/8ip+oaC4x33IdZIif8+Rh5dQUIZXmfbSghiOmNQ=="
    },
    "@iarna/toml": {
      "version": "2.2.5",
      "resolved": "https://registry.npmjs.org/@iarna/toml/-/toml-2.2.5.tgz",
      "integrity": "sha512-trnsAYxU3xnS1gPHPyU961coFyLkh4gAD/0zQ5mymY4yOZ+CYvsPqUbOFSw0aDM4y0tV7tiFxL/1XfXPNC6IPg=="
    },
    "@uppy/fs-tail-stream": {
      "version": "1.2.0",
      "resolved": "https://registry.npmjs.org/@uppy/fs-tail-stream/-/fs-tail-stream-1.2.0.tgz",
      "integrity": "sha512-Yil6Z4phfYBHneLK5aimQ4AtVleorcTRuy0TzJrhFx4OEdbGUQ8haLQklQUOhaFJbaeu20VGishz/kLWzQiiTg==",
      "requires": {
        "once": "^1.4.0"
      }
    },
    "ansi-regex": {
      "version": "5.0.1",
      "resolved": "https://registry.npmjs.org/ansi-regex/-/ansi-regex-5.0.1.tgz",
      "integrity": "sha512-quJQXlTSUGL2LH9SUXo8VwsY4soanhgo6LNSm84E1LBcE8s3O0wpdiRzyR9z/ZZJMlMWv37qOOb9pdJlMUEKFQ=="
    },
    "argv-tools": {
      "version": "0.1.2",
      "resolved": "https://registry.npmjs.org/argv-tools/-/argv-tools-0.1.2.tgz",
      "integrity": "sha512-wxqoymY0BEu9NblZVQiOTOAiJUjPhaa/kbNMjC2h6bnrmUSgnxKgWJo3lzXvi3bHJRwXyqK/dHzMlZVRT89Cxg==",
      "requires": {
        "array-back": "^2.0.0",
        "find-replace": "^2.0.1"
      }
    },
    "array-back": {
      "version": "2.0.0",
      "resolved": "https://registry.npmjs.org/array-back/-/array-back-2.0.0.tgz",
      "integrity": "sha512-eJv4pLLufP3g5kcZry0j6WXpIbzYw9GUB4mVJZno9wfwiBxbizTnHCw3VJb07cBihbFX48Y7oSrW9y+gt4glyw==",
      "requires": {
        "typical": "^2.6.1"
      }
    },
    "chevrotain": {
      "version": "9.1.0",
      "resolved": "https://registry.npmjs.org/chevrotain/-/chevrotain-9.1.0.tgz",
      "integrity": "sha512-A86/55so63HCfu0dgGg3j9u8uuuBOrSqly1OhBZxRu2x6sAKILLzfVjbGMw45kgier6lz45EzcjjWtTRgoT84Q==",
      "requires": {
        "@chevrotain/types": "^9.1.0",
        "@chevrotain/utils": "^9.1.0",
        "regexp-to-ast": "0.5.0"
      }
    },
    "cnd": {
      "version": "9.2.2",
      "resolved": "https://registry.npmjs.org/cnd/-/cnd-9.2.2.tgz",
      "integrity": "sha512-F+/H+7luk4fZkvN0+MT0I2nwn80YM/EtfMttNUFxENR50XJH4g0KgQevzeyEJ8B6t6l8Tb4Xti6QAksa8DmePA==",
      "requires": {
        "jsx-number-format": "^0.1.4"
      }
    },
    "color-convert": {
      "version": "2.0.1",
      "resolved": "https://registry.npmjs.org/color-convert/-/color-convert-2.0.1.tgz",
      "integrity": "sha512-RRECPsj7iu/xb5oKYcsFHSppFNnsj/52OVTRKb4zP5onXwVF3zVmmToNcOfGC+CRDpfK/U584fMg38ZHCaElKQ==",
      "requires": {
        "color-name": "~1.1.4"
      }
    },
    "color-name": {
      "version": "1.1.4",
      "resolved": "https://registry.npmjs.org/color-name/-/color-name-1.1.4.tgz",
      "integrity": "sha512-dOy+3AuW3a2wNbZHIuMZpTcgjGuLU/uBL/ubcZF9OXbDo8ff4O8yVp5Bf0efS8uEoYo5q4Fx7dY9OgQGXgAsQA=="
    },
    "command-line-args": {
      "version": "6.0.0-preview.1",
      "resolved": "https://registry.npmjs.org/command-line-args/-/command-line-args-6.0.0-preview.1.tgz",
      "integrity": "sha512-VMoUjP9U1XTJPfXFwr7ImZN6QRFxEIJ3WWE+aSmtTpLoLdfwgI4m8bvDdx1FjkJfTSxrYLt5B/Yu1hHvTo+AnQ==",
      "requires": {
        "argv-tools": "^0.1.1",
        "array-back": "^2.0.0",
        "find-replace": "^2.0.1",
        "lodash.camelcase": "^4.3.0",
        "typical": "^2.6.1"
      }
    },
    "cupofjoe": {
      "version": "0.2.1",
      "resolved": "https://registry.npmjs.org/cupofjoe/-/cupofjoe-0.2.1.tgz",
      "integrity": "sha512-kZHlb3DmPu2jV0rmZvqsGwI8OEy+VEyN+50bUFp95HrD1buun7G9BVpf286UiL+sNfjXEn4EdbAFHASkxibSHQ==",
      "requires": {
        "cnd": "9.2.1",
        "intertype": "7.6.5",
        "multimix": "5.0.0"
      },
      "dependencies": {
        "cnd": {
          "version": "9.2.1",
          "resolved": "https://registry.npmjs.org/cnd/-/cnd-9.2.1.tgz",
          "integrity": "sha512-JszZtSlOCxkIvNPKpw1PmIcQUjYO+pBqVoKVH2STHLtG4JHHJ1NHowv39lhyxzlPxUTZk7pZ3qO7CfrfJ8ZSKw=="
        },
        "intertype": {
          "version": "7.6.5",
          "resolved": "https://registry.npmjs.org/intertype/-/intertype-7.6.5.tgz",
          "integrity": "sha512-763YK3ezLYy9FkX+cTTg/qwGHteqlaTMiec9a2sVAKm7kXp9e7QkzbyYS6u4CcbLxx12L8bcRbe3SFsPeaJCMA==",
          "requires": {
            "multimix": "^5.0.0"
          }
        }
      }
    },
    "datom": {
      "version": "8.0.3",
      "resolved": "https://registry.npmjs.org/datom/-/datom-8.0.3.tgz",
      "integrity": "sha512-brh+I+TIC89r891ekwWtzaO6zvQu/hgyEdfm3gs8WOF3jJ+nCpwnoF2/96jUZibaKCfFjxpqQbQu3K7/SkA64g==",
      "requires": {
        "cnd": "^9.2.1",
        "cupofjoe": "0.2.1",
        "emittery": "=0.6.0",
        "intertype": "7.6.5",
        "letsfreezethat": "^3.1.0",
        "multimix": "5.0.0"
      },
      "dependencies": {
        "intertype": {
          "version": "7.6.5",
          "resolved": "https://registry.npmjs.org/intertype/-/intertype-7.6.5.tgz",
          "integrity": "sha512-763YK3ezLYy9FkX+cTTg/qwGHteqlaTMiec9a2sVAKm7kXp9e7QkzbyYS6u4CcbLxx12L8bcRbe3SFsPeaJCMA==",
          "requires": {
            "multimix": "^5.0.0"
          }
        }
      }
    },
    "diff-match-patch": {
      "version": "1.0.5",
      "resolved": "https://registry.npmjs.org/diff-match-patch/-/diff-match-patch-1.0.5.tgz",
      "integrity": "sha512-IayShXAgj/QMXgB0IWmKx+rOPuGMhqm5w6jvFxmVenXKIzRqTAAsbBPT3kWQeGANj3jGgvcvv4yK6SxqYmikgw=="
    },
    "emittery": {
      "version": "0.6.0",
      "resolved": "https://registry.npmjs.org/emittery/-/emittery-0.6.0.tgz",
      "integrity": "sha512-6EMRGr9KzYWp8DzHFZsKVZBsMO6QhAeHMeHND8rhyBNCHKMLpgW9tZv40bwN3rAIKRS5CxcK8oLRKUJSB9h7yQ=="
    },
    "emoji-regex": {
      "version": "8.0.0",
      "resolved": "https://registry.npmjs.org/emoji-regex/-/emoji-regex-8.0.0.tgz",
      "integrity": "sha512-MSjYzcWNOA0ewAHpz0MxpYFvwg6yjy1NG3xteoqz644VCo/RPgnr1/GGt+ic3iJTzQ8Eu3TdM14SawnVUmGE6A=="
    },
    "find-replace": {
      "version": "2.0.1",
      "resolved": "https://registry.npmjs.org/find-replace/-/find-replace-2.0.1.tgz",
      "integrity": "sha512-LzDo3Fpa30FLIBsh6DCDnMN1KW2g4QKkqKmejlImgWY67dDFPX/x9Kh/op/GK522DchQXEvDi/wD48HKW49XOQ==",
      "requires": {
        "array-back": "^2.0.0",
        "test-value": "^3.0.0"
      }
    },
    "find-up": {
      "version": "5.0.0",
      "resolved": "https://registry.npmjs.org/find-up/-/find-up-5.0.0.tgz",
      "integrity": "sha512-78/PXT1wlLLDgTzDs7sjq9hzz0vXD+zn+7wypEe4fXQxCmdmqfGsEPQxmiCSQI3ajFV91bVSsvNtrJRiW6nGng==",
      "requires": {
        "locate-path": "^6.0.0",
        "path-exists": "^4.0.0"
      }
    },
    "guy": {
      "version": "10.0.0",
      "resolved": "https://registry.npmjs.org/guy/-/guy-10.0.0.tgz",
      "integrity": "sha512-77uKLLsa588S5vw+Ak3xd0fPjelmlKhmR3M3Fqq/Ja8JQoDZKihqlDaELNA5mK4Hh+MIlWwzq4e+4i9zoseKKg==",
      "requires": {
        "intertype-legacy": "^7.7.1",
        "letsfreezethat": "^3.1.0"
      }
    },
    "hyphenopoly": {
      "version": "4.12.0",
      "resolved": "https://registry.npmjs.org/hyphenopoly/-/hyphenopoly-4.12.0.tgz",
      "integrity": "sha512-2AbkggnLa42cZFQ+VncvZCw/oB4aGMrmW6yb7/HzZfaUk0XXjaU2/wttOhVf4/sleHwp03rpPCLO/3dHJlsreg=="
    },
    "intertext": {
      "version": "8.0.0",
      "resolved": "https://registry.npmjs.org/intertext/-/intertext-8.0.0.tgz",
      "integrity": "sha512-rD4SrGbZ8CRDFgArMd5bzK/ZIGvgdwMyrpL/vvuGh437Xln/bez7QOb1cL18DAn97oDE/M7igfWDV/IIIcbVTQ==",
      "requires": {
        "cnd": "9.2.2",
        "color-convert": "^2.0.1",
        "cupofjoe": "0.2.1",
        "datom": "8.0.3",
        "diff-match-patch": "^1.0.5",
        "hyphenopoly": "4.12.0",
        "intertype": "7.7.0",
        "multimix": "5.0.0",
        "steampipes": "6.7.1",
        "to-width": "1.2.0"
      }
    },
    "intertype": {
      "version": "7.7.0",
      "resolved": "https://registry.npmjs.org/intertype/-/intertype-7.7.0.tgz",
      "integrity": "sha512-Sv923oXpq9In8/CuxP5KAKc3FIETOEl23ltwSfLOnn/8V8A5pDRlxWo0vhaA6p7WybRMgeZXsE4Etw98tWUMPA==",
      "requires": {
        "multimix": "^5.0.0"
      }
    },
    "intertype-legacy": {
      "version": "7.7.1",
      "resolved": "https://registry.npmjs.org/intertype-legacy/-/intertype-legacy-7.7.1.tgz",
      "integrity": "sha512-Bj3k9bCu8vA6JLIvnCrJXOdkecgY5wtCmORclJ87uq22N53swREHT5bezSeK5TwcxgSJEDg2wEfcn4kNr9Qv8A==",
      "requires": {
        "multimix": "^5.0.0"
      }
    },
    "is-fullwidth-code-point": {
      "version": "3.0.0",
      "resolved": "https://registry.npmjs.org/is-fullwidth-code-point/-/is-fullwidth-code-point-3.0.0.tgz",
      "integrity": "sha512-zymm5+u+sCsSWyD9qNaejV3DFvhCKclKdizYaJUuHA83RLjb7nSuGnddCHGv0hk+KY7BMAlsWeK4Ueg6EV6XQg=="
    },
    "jfee": {
      "version": "0.1.4",
      "resolved": "https://registry.npmjs.org/jfee/-/jfee-0.1.4.tgz",
      "integrity": "sha512-XM3NLlcQGunAXg2c4Os28LWzLjbnrQE7NMwc4q38hgsAbTMIKu1IXceEz4sVXp55fU4Q0c+8+5OgMWxRgnpFNw==",
      "requires": {
        "cnd": "^9.2.1",
        "intertype": "7.6.5"
      },
      "dependencies": {
        "intertype": {
          "version": "7.6.5",
          "resolved": "https://registry.npmjs.org/intertype/-/intertype-7.6.5.tgz",
          "integrity": "sha512-763YK3ezLYy9FkX+cTTg/qwGHteqlaTMiec9a2sVAKm7kXp9e7QkzbyYS6u4CcbLxx12L8bcRbe3SFsPeaJCMA==",
          "requires": {
            "multimix": "^5.0.0"
          }
        }
      }
    },
    "jsx-number-format": {
      "version": "0.1.5",
      "resolved": "https://registry.npmjs.org/jsx-number-format/-/jsx-number-format-0.1.5.tgz",
      "integrity": "sha512-eS1SvW5Lm+UQOrpxqtTF6NgPDupYlCV1GXJr+f/1yp+nwQH/4qW6XarwCcdphQjNHrJFC4ko2MgRyRDS/ypqZw=="
    },
    "letsfreezethat": {
      "version": "3.1.0",
      "resolved": "https://registry.npmjs.org/letsfreezethat/-/letsfreezethat-3.1.0.tgz",
      "integrity": "sha512-jJ1nvvQi6unW0WifjNPMIb64Byom0EXzSKWFYA++EpyjK3qv1J2pqeSoEJ61tGJoNG0GoNjPoeLYhxW16riZaA=="
    },
    "locate-path": {
      "version": "6.0.0",
      "resolved": "https://registry.npmjs.org/locate-path/-/locate-path-6.0.0.tgz",
      "integrity": "sha512-iPZK6eYjbxRu3uB4/WZ3EsEIMJFMqAoopl3R+zuq0UjcAm/MO6KCweDgPfP3elTztoKP3KtnVHxTn2NHBSDVUw==",
      "requires": {
        "p-locate": "^5.0.0"
      }
    },
    "lodash.camelcase": {
      "version": "4.3.0",
      "resolved": "https://registry.npmjs.org/lodash.camelcase/-/lodash.camelcase-4.3.0.tgz",
      "integrity": "sha512-TwuEnCnxbc3rAvhf/LbG7tJUDzhqXyFnv3dtzLOPgCG/hODL7WFnsbwktkD7yUV0RrreP/l1PALq/YSg6VvjlA=="
    },
    "lodash.merge": {
      "version": "4.6.2",
      "resolved": "https://registry.npmjs.org/lodash.merge/-/lodash.merge-4.6.2.tgz",
      "integrity": "sha512-0KpjqXRVvrYyCsX1swR/XTK0va6VQkQM6MNo7PqW77ByjAhoARA8EfrP1N4+KlKj8YS0ZUCtRT/YUuhyYDujIQ=="
    },
    "lru-cache": {
      "version": "6.0.0",
      "resolved": "https://registry.npmjs.org/lru-cache/-/lru-cache-6.0.0.tgz",
      "integrity": "sha512-Jo6dJ04CmSjuznwJSS3pUeWmd/H0ffTlkXXgwZi+eq1UCmqQwCh+eLsYOYCwY991i2Fah4h1BEMCx4qThGbsiA==",
      "requires": {
        "yallist": "^4.0.0"
      }
    },
    "mixa": {
      "version": "0.6.1",
      "resolved": "https://registry.npmjs.org/mixa/-/mixa-0.6.1.tgz",
      "integrity": "sha512-MJzN430e+TAUEaOxX/j51ztBzM9Q6HXdJ7WAL2NumYcFZsXnhGJgZ/0ZoklYLfVDb7ZtwuI6VRV/mwh2MdY3FQ==",
      "requires": {
        "@iarna/toml": "^2.2.5",
        "cnd": "9.2.2",
        "command-line-args": "^6.0.0-preview.1",
        "find-up": "5",
        "intertype": "7.7.0",
        "letsfreezethat": "3.1.0",
        "lodash.merge": "^4.6.2",
        "multimix": "5.0.0",
        "ospath": "^1.2.2",
        "pkg-dir": "5",
        "semver": "^7.3.7"
      }
    },
    "multimix": {
      "version": "5.0.0",
      "resolved": "https://registry.npmjs.org/multimix/-/multimix-5.0.0.tgz",
      "integrity": "sha512-N9cdGSDDD7kxOV7R6e4iZqsHTZ4F4iiSDWqMcVqx4gEH6HBtRXav39Gj3fgT1YqvBcwPCQuf0Oa5R2cDaLWK8A=="
    },
    "once": {
      "version": "1.4.0",
      "resolved": "https://registry.npmjs.org/once/-/once-1.4.0.tgz",
      "integrity": "sha512-lNaJgI+2Q5URQBkccEKHTQOPaXdUxnZZElQTZY0MFUAuaEqe1E+Nyvgdz/aIyNi6Z9MzO5dv1H8n58/GELp3+w==",
      "requires": {
        "wrappy": "1"
      }
    },
    "ospath": {
      "version": "1.2.2",
      "resolved": "https://registry.npmjs.org/ospath/-/ospath-1.2.2.tgz",
      "integrity": "sha512-o6E5qJV5zkAbIDNhGSIlyOhScKXgQrSRMilfph0clDfM0nEnBOlKlH4sWDmG95BW/CvwNz0vmm7dJVtU2KlMiA=="
    },
    "p-limit": {
      "version": "3.1.0",
      "resolved": "https://registry.npmjs.org/p-limit/-/p-limit-3.1.0.tgz",
      "integrity": "sha512-TYOanM3wGwNGsZN2cVTYPArw454xnXj5qmWF1bEoAc4+cU/ol7GVh7odevjp1FNHduHc3KZMcFduxU5Xc6uJRQ==",
      "requires": {
        "yocto-queue": "^0.1.0"
      }
    },
    "p-locate": {
      "version": "5.0.0",
      "resolved": "https://registry.npmjs.org/p-locate/-/p-locate-5.0.0.tgz",
      "integrity": "sha512-LaNjtRWUBY++zB5nE/NwcaoMylSPk+S+ZHNB1TzdbMJMny6dynpAGt7X/tl/QYq3TIeE6nxHppbo2LGymrG5Pw==",
      "requires": {
        "p-limit": "^3.0.2"
      }
    },
    "paragate": {
      "version": "4.0.0",
      "resolved": "https://registry.npmjs.org/paragate/-/paragate-4.0.0.tgz",
      "integrity": "sha512-A8YfTy45QXLe/Wm8rwjTzN5J9g4YxEnAxZsVEv0FdKeBs/ENIvZAiJ/KHwovQ8NE141/L5jJOnpy3QZZJ09vTg==",
      "requires": {
        "chevrotain": "9.1.0",
        "cnd": "^9.0.0",
        "datom": "8.0.3",
        "intertext": "8.0.0",
        "intertype": "^7.0.2",
        "multimix": "5.0.0",
        "steampipes": "^6.3.0"
      }
    },
    "path-exists": {
      "version": "4.0.0",
      "resolved": "https://registry.npmjs.org/path-exists/-/path-exists-4.0.0.tgz",
      "integrity": "sha512-ak9Qy5Q7jYb2Wwcey5Fpvg2KoAc/ZIhLSLOSBmRmygPsGwkVVt0fZa0qrtMz+m6tJTAHfZQ8FnmB4MG4LWy7/w=="
    },
    "pkg-dir": {
      "version": "5.0.0",
      "resolved": "https://registry.npmjs.org/pkg-dir/-/pkg-dir-5.0.0.tgz",
      "integrity": "sha512-NPE8TDbzl/3YQYY7CSS228s3g2ollTFnc+Qi3tqmqJp9Vg2ovUpixcJEo2HJScN2Ez+kEaal6y70c0ehqJBJeA==",
      "requires": {
        "find-up": "^5.0.0"
      }
    },
    "regexp-to-ast": {
      "version": "0.5.0",
      "resolved": "https://registry.npmjs.org/regexp-to-ast/-/regexp-to-ast-0.5.0.tgz",
      "integrity": "sha512-tlbJqcMHnPKI9zSrystikWKwHkBqu2a/Sgw01h3zFjvYrMxEDYHzzoMZnUrbIfpTFEsoRnnviOXNCzFiSc54Qw=="
    },
    "semver": {
      "version": "7.3.7",
      "resolved": "https://registry.npmjs.org/semver/-/semver-7.3.7.tgz",
      "integrity": "sha512-QlYTucUYOews+WeEujDoEGziz4K6c47V/Bd+LjSSYcA94p+DmINdf7ncaUinThfvZyu13lN9OY1XDxt8C0Tw0g==",
      "requires": {
        "lru-cache": "^6.0.0"
      }
    },
    "steampipes": {
      "version": "6.7.1",
      "resolved": "https://registry.npmjs.org/steampipes/-/steampipes-6.7.1.tgz",
      "integrity": "sha512-glgBCkjJr+0MeEiIc5UD4HMVIVNrGYYJ7QhylARTNksPTp59+HW/qIhPd/3xWEaHWjxkEsbM4zigCurmZifYrA==",
      "requires": {
        "@uppy/fs-tail-stream": "^1.2.0",
        "cnd": "^9.0.0",
        "datom": "8.0.3",
        "intertext-splitlines": "1.2.1",
        "intertype": "7.6.5",
        "jfee": "0.1.4",
        "multimix": "5.0.0",
        "timsort": "^0.3.0"
      },
      "dependencies": {
        "intertext-splitlines": {
          "version": "1.2.1",
          "resolved": "https://registry.npmjs.org/intertext-splitlines/-/intertext-splitlines-1.2.1.tgz",
          "integrity": "sha512-bnIqoTOk8ie/jE3g4ec7h5ZdjpUNF+ynQ0/oTwn3I973vhCjMtnd9DCp/i1hxVMO55uqDgyYQ42f44Quzc6zXg==",
          "requires": {
            "cnd": "^9.2.1",
            "intertype": "7.6.5"
          }
        },
        "intertype": {
          "version": "7.6.5",
          "resolved": "https://registry.npmjs.org/intertype/-/intertype-7.6.5.tgz",
          "integrity": "sha512-763YK3ezLYy9FkX+cTTg/qwGHteqlaTMiec9a2sVAKm7kXp9e7QkzbyYS6u4CcbLxx12L8bcRbe3SFsPeaJCMA==",
          "requires": {
            "multimix": "^5.0.0"
          }
        }
      }
    },
    "string-width": {
      "version": "4.2.3",
      "resolved": "https://registry.npmjs.org/string-width/-/string-width-4.2.3.tgz",
      "integrity": "sha512-wKyQRQpjJ0sIp62ErSZdGsjMJWsap5oRNihHhu6G7JVO/9jIB6UyevL+tXuOqrng8j/cxKTWyWUwvSTriiZz/g==",
      "requires": {
        "emoji-regex": "^8.0.0",
        "is-fullwidth-code-point": "^3.0.0",
        "strip-ansi": "^6.0.1"
      }
    },
    "strip-ansi": {
      "version": "6.0.1",
      "resolved": "https://registry.npmjs.org/strip-ansi/-/strip-ansi-6.0.1.tgz",
      "integrity": "sha512-Y38VPSHcqkFrCpFnQ9vuSXmquuv5oXOKpGeT6aGrr3o3Gc9AlVa6JBfUSOCnbxGGZF+/0ooI7KrPuUSztUdU5A==",
      "requires": {
        "ansi-regex": "^5.0.1"
      }
    },
    "test-value": {
      "version": "3.0.0",
      "resolved": "https://registry.npmjs.org/test-value/-/test-value-3.0.0.tgz",
      "integrity": "sha512-sVACdAWcZkSU9x7AOmJo5TqE+GyNJknHaHsMrR6ZnhjVlVN9Yx6FjHrsKZ3BjIpPCT68zYesPWkakrNupwfOTQ==",
      "requires": {
        "array-back": "^2.0.0",
        "typical": "^2.6.1"
      }
    },
    "timsort": {
      "version": "0.3.0",
      "resolved": "https://registry.npmjs.org/timsort/-/timsort-0.3.0.tgz",
      "integrity": "sha512-qsdtZH+vMoCARQtyod4imc2nIJwg9Cc7lPRrw9CzF8ZKR0khdr8+2nX80PBhET3tcyTtJDxAffGh2rXH4tyU8A=="
    },
    "to-width": {
      "version": "1.2.0",
      "resolved": "https://registry.npmjs.org/to-width/-/to-width-1.2.0.tgz",
      "integrity": "sha512-ok/CRyzSZVA6xk9t5PuWuh3SHqCtKCkhI6dfF2YaVX11clXz4yAxxyesC27+m54ilrMRtqTI9UNQRct8lwVYZQ==",
      "requires": {
        "string-width": "4.2.3",
        "wcstring": "^2.1.1"
      }
    },
    "typical": {
      "version": "2.6.1",
      "resolved": "https://registry.npmjs.org/typical/-/typical-2.6.1.tgz",
      "integrity": "sha512-ofhi8kjIje6npGozTip9Fr8iecmYfEbS06i0JnIg+rh51KakryWF4+jX8lLKZVhy6N+ID45WYSFCxPOdTWCzNg=="
    },
    "varsize-string": {
      "version": "2.2.2",
      "resolved": "https://registry.npmjs.org/varsize-string/-/varsize-string-2.2.2.tgz",
      "integrity": "sha512-Wuq8/cNzDSWYYQ1KlTk6IyGrRJOMU1YX21RSgEl3psbAGdExTBOIDWd80Z1n74A/24kStNT9QgylJHVjqgRpsQ=="
    },
    "wcsize": {
      "version": "1.0.0",
      "resolved": "https://registry.npmjs.org/wcsize/-/wcsize-1.0.0.tgz",
      "integrity": "sha512-80ziCk3Z+iLfhgAbMBMU+PjoSFi9dg0FIKYd9xRiF15wfwJlzxu1mdIUdIv9iE1gpkX/4hV2QBbkNlydXgEFMA=="
    },
    "wcstring": {
      "version": "2.1.1",
      "resolved": "https://registry.npmjs.org/wcstring/-/wcstring-2.1.1.tgz",
      "integrity": "sha512-81yoFUY/2Fw4RFzIkrlC47g7023/XkKofj62CNFT1kdZn6z7o2xhz8ffR7Wat76SuJTmrFNLmGDd7FLaZsIo5A==",
      "requires": {
        "varsize-string": "^2.2.1",
        "wcsize": "^1.0.0"
      }
    },
    "wrappy": {
      "version": "1.0.2",
      "resolved": "https://registry.npmjs.org/wrappy/-/wrappy-1.0.2.tgz",
      "integrity": "sha512-l4Sp/DRseor9wL6EvV2+TuQn63dMkPjZ/sp9XkghTEbV9KlPS1xUsZ3u7/IQO4wxtcFB4bgpQPRcR3QCvezPcQ=="
    },
    "yallist": {
      "version": "4.0.0",
      "resolved": "https://registry.npmjs.org/yallist/-/yallist-4.0.0.tgz",
      "integrity": "sha512-3wdGidZyq5PB084XLES5TpOSRA3wjXAlIWMhum2kRcv/41Sn2emQ0dycQW4uZXLejwKvg6EsvbdlVL+FYEct7A=="
    },
    "yocto-queue": {
      "version": "0.1.0",
      "resolved": "https://registry.npmjs.org/yocto-queue/-/yocto-queue-0.1.0.tgz",
      "integrity": "sha512-rVksvsnNCdJ/ohGc6xgPwyN8eheCxsiLM8mxuE/t/mOVqJewPuO1miLpTHQiRgTKCLexL4MeAFVagts7HmNZ2Q=="
    }
  }
}
