lockfileVersion: '9.0'

settings:
  autoInstallPeers: true
  excludeLinksFromLockfile: false

importers:

  .:
    dependencies:
      guy:
        specifier: ^10.0.0
        version: 10.2.0(acorn-loose@8.5.2)(acorn-walk@8.3.4)(acorn@8.15.0)(astring@1.9.0)
      paragate:
        specifier: 4.0.0
        version: 4.0.0(acorn-loose@8.5.2)(acorn-walk@8.3.4)(acorn@8.15.0)(astring@1.9.0)(chokidar@3.6.0)(dayjs@1.11.13)(tmp@0.2.3)

packages:

  '@chevrotain/types@9.1.0':
    resolution: {integrity: sha512-3hbCD1CThkv9gnaSIPq0GUXwKni68e0ph6jIHwCvcWiQ4JB2xi8bFxBain0RF04qHUWuDjgnZLj4rLgimuGO+g==}

  '@chevrotain/utils@9.1.0':
    resolution: {integrity: sha512-llLJZ8OAlZrjGlBvamm6Zdo/HmGAcCLq5gx7cSwUX8No+n/8ip+oaC4x33IdZIif8+Rh5dQUIZXmfbSghiOmNQ==}

  '@uppy/fs-tail-stream@1.2.0':
    resolution: {integrity: sha512-Yil6Z4phfYBHneLK5aimQ4AtVleorcTRuy0TzJrhFx4OEdbGUQ8haLQklQUOhaFJbaeu20VGishz/kLWzQiiTg==}

  acorn-loose@8.5.2:
    resolution: {integrity: sha512-PPvV6g8UGMGgjrMu+n/f9E/tCSkNQ2Y97eFvuVdJfG11+xdIeDcLyNdC8SHcrHbRqkfwLASdplyR6B6sKM1U4A==}
    engines: {node: '>=0.4.0'}

  acorn-walk@8.3.4:
    resolution: {integrity: sha512-ueEepnujpqee2o5aIYnvHU6C0A42MNdsIDeqy5BydrkuC5R1ZuUFnm27EeFJGoEHJQgn3uleRvmTXaJgfXbt4g==}
    engines: {node: '>=0.4.0'}

  acorn@8.15.0:
    resolution: {integrity: sha512-NZyJarBfL7nWwIq+FDL6Zp/yHEhePMNnnJ0y3qfieCrmNvYct8uvtiV41UvlSe6apAfk0fY1FbWx+NwfmpvtTg==}
    engines: {node: '>=0.4.0'}
    hasBin: true

  ansi-regex@5.0.1:
    resolution: {integrity: sha512-quJQXlTSUGL2LH9SUXo8VwsY4soanhgo6LNSm84E1LBcE8s3O0wpdiRzyR9z/ZZJMlMWv37qOOb9pdJlMUEKFQ==}
    engines: {node: '>=8'}

  anymatch@3.1.3:
    resolution: {integrity: sha512-KMReFUr0B4t+D+OBkjR3KYqvocp2XaSzO55UcB6mgQMd3KbcE+mWTyvVV7D/zsdEbNnV6acZUutkiHQXvTr1Rw==}
    engines: {node: '>= 8'}

  astring@1.9.0:
    resolution: {integrity: sha512-LElXdjswlqjWrPpJFg1Fx4wpkOCxj1TDHlSV4PlaRxHGWko024xICaa97ZkMfs6DRKlCguiAI+rbXv5GWwXIkg==}
    hasBin: true

  binary-extensions@2.3.0:
    resolution: {integrity: sha512-Ceh+7ox5qe7LJuLHoY0feh3pHuUDHAcRUeyL2VYghZwfpkNIy/+8Ocg0a3UuSoYzavmylwuLWQOf3hl0jjMMIw==}
    engines: {node: '>=8'}

  braces@3.0.3:
    resolution: {integrity: sha512-yQbXgO/OSZVD2IsiLlro+7Hf6Q18EJrKSEsdoMzKePKXct3gvD8oLcOQdIzGupr5Fj+EDe8gO/lxc1BzfMpxvA==}
    engines: {node: '>=8'}

  chevrotain@9.1.0:
    resolution: {integrity: sha512-A86/55so63HCfu0dgGg3j9u8uuuBOrSqly1OhBZxRu2x6sAKILLzfVjbGMw45kgier6lz45EzcjjWtTRgoT84Q==}

  chokidar@3.6.0:
    resolution: {integrity: sha512-7VT13fmjotKpGipCW9JEQAusEPE+Ei8nl6/g4FBAmIm0GOOLMua9NDDo/DWp0ZAxCr3cPq5ZpBqmPAQgDda2Pw==}
    engines: {node: '>= 8.10.0'}

  cnd@9.2.1:
    resolution: {integrity: sha512-JszZtSlOCxkIvNPKpw1PmIcQUjYO+pBqVoKVH2STHLtG4JHHJ1NHowv39lhyxzlPxUTZk7pZ3qO7CfrfJ8ZSKw==}
    hasBin: true

  cnd@9.2.2:
    resolution: {integrity: sha512-F+/H+7luk4fZkvN0+MT0I2nwn80YM/EtfMttNUFxENR50XJH4g0KgQevzeyEJ8B6t6l8Tb4Xti6QAksa8DmePA==}
    hasBin: true

  cnd@9.3.0:
    resolution: {integrity: sha512-ATpPrhzCBNY52jPgcQOelm2kgMoE2VK+Gwz6hT2QKJZqCFQgfr5EJy3T2qWJfa0cOXAQpGx4JMyCTUZCXcKlXQ==}
    hasBin: true

  color-convert@2.0.1:
    resolution: {integrity: sha512-RRECPsj7iu/xb5oKYcsFHSppFNnsj/52OVTRKb4zP5onXwVF3zVmmToNcOfGC+CRDpfK/U584fMg38ZHCaElKQ==}
    engines: {node: '>=7.0.0'}

  color-name@1.1.4:
    resolution: {integrity: sha512-dOy+3AuW3a2wNbZHIuMZpTcgjGuLU/uBL/ubcZF9OXbDo8ff4O8yVp5Bf0efS8uEoYo5q4Fx7dY9OgQGXgAsQA==}

  cupofjoe@0.2.1:
    resolution: {integrity: sha512-kZHlb3DmPu2jV0rmZvqsGwI8OEy+VEyN+50bUFp95HrD1buun7G9BVpf286UiL+sNfjXEn4EdbAFHASkxibSHQ==}

  datom@8.0.3:
    resolution: {integrity: sha512-brh+I+TIC89r891ekwWtzaO6zvQu/hgyEdfm3gs8WOF3jJ+nCpwnoF2/96jUZibaKCfFjxpqQbQu3K7/SkA64g==}

  dayjs@1.11.13:
    resolution: {integrity: sha512-oaMBel6gjolK862uaPQOVTA7q3TZhuSvuMQAAglQDOWYO9A91IrAOUJEyKVlqJlHE0vq5p5UXxzdPfMH/x6xNg==}

  diff-match-patch@1.0.5:
    resolution: {integrity: sha512-IayShXAgj/QMXgB0IWmKx+rOPuGMhqm5w6jvFxmVenXKIzRqTAAsbBPT3kWQeGANj3jGgvcvv4yK6SxqYmikgw==}

  emittery@0.6.0:
    resolution: {integrity: sha512-6EMRGr9KzYWp8DzHFZsKVZBsMO6QhAeHMeHND8rhyBNCHKMLpgW9tZv40bwN3rAIKRS5CxcK8oLRKUJSB9h7yQ==}
    engines: {node: '>=10'}

  emoji-regex@8.0.0:
    resolution: {integrity: sha512-MSjYzcWNOA0ewAHpz0MxpYFvwg6yjy1NG3xteoqz644VCo/RPgnr1/GGt+ic3iJTzQ8Eu3TdM14SawnVUmGE6A==}

  error-callsites@2.0.4:
    resolution: {integrity: sha512-V877Ch4FC4FN178fDK1fsrHN4I1YQIBdtjKrHh3BUHMnh3SMvwUVrqkaOgDpUuevgSNna0RBq6Ox9SGlxYrigA==}
    engines: {node: '>=6.x'}

  fill-range@7.1.1:
    resolution: {integrity: sha512-YsGpe3WHLK8ZYi4tWDg2Jy3ebRz2rXowDxnld4bkQB00cc/1Zw9AWnC0i9ztDJitivtQvaI9KaLyKrc+hBW0yg==}
    engines: {node: '>=8'}

  fsevents@2.3.3:
    resolution: {integrity: sha512-5xoDfX+fL7faATnagmWPpbFtwh/R77WmMMqqHGS65C3vvB0YHrgF+B1YmZ3441tMj5n63k0212XNoJwzlhffQw==}
    engines: {node: ^8.16.0 || ^10.6.0 || >=11.0.0}
    os: [darwin]

  glob-parent@5.1.2:
    resolution: {integrity: sha512-AOIgSQCepiJYwP3ARnGx+5VnTu2HBYdzbGP45eLw1vr3zB3vZLeyed1sC9hnbcOc9/SrMyM5RPQrkGz4aS9Zow==}
    engines: {node: '>= 6'}

  guy@10.2.0:
    resolution: {integrity: sha512-tSulgHlEy/Bi8VyToFJxgJ+uL/sai+0HlAc5W4CuLZTpBDLOBlVy6Acd6CaEv7s6gt+sPztCPd+BQRQOhDt1rQ==}
    peerDependencies:
      acorn: ^8.7.1
      acorn-loose: ^8.3.0
      acorn-walk: ^8.2.0
      astring: ^1.8.3

  guy@13.7.2:
    resolution: {integrity: sha512-esrCVHpVwfz65q1tHB/6Q5MpXwGQyrQx8pqpvzteCQAGz95fveQFuAlpqWoJ4b6QFk0atORzPRNj2d7+PoOiYQ==}
    peerDependencies:
      acorn: ^8.7.1
      acorn-loose: ^8.3.0
      acorn-walk: ^8.2.0
      astring: ^1.8.3
      chokidar: ^3.5.3
      dayjs: ^1.11.7
      tmp: ^0.2.1

  hyphenopoly@4.12.0:
    resolution: {integrity: sha512-2AbkggnLa42cZFQ+VncvZCw/oB4aGMrmW6yb7/HzZfaUk0XXjaU2/wttOhVf4/sleHwp03rpPCLO/3dHJlsreg==}
    engines: {node: '>=10.0.0'}

  intertext-splitlines@1.2.1:
    resolution: {integrity: sha512-bnIqoTOk8ie/jE3g4ec7h5ZdjpUNF+ynQ0/oTwn3I973vhCjMtnd9DCp/i1hxVMO55uqDgyYQ42f44Quzc6zXg==}

  intertext@8.0.0:
    resolution: {integrity: sha512-rD4SrGbZ8CRDFgArMd5bzK/ZIGvgdwMyrpL/vvuGh437Xln/bez7QOb1cL18DAn97oDE/M7igfWDV/IIIcbVTQ==}

  intertype-legacy@7.7.1:
    resolution: {integrity: sha512-Bj3k9bCu8vA6JLIvnCrJXOdkecgY5wtCmORclJ87uq22N53swREHT5bezSeK5TwcxgSJEDg2wEfcn4kNr9Qv8A==}

  intertype@7.6.5:
    resolution: {integrity: sha512-763YK3ezLYy9FkX+cTTg/qwGHteqlaTMiec9a2sVAKm7kXp9e7QkzbyYS6u4CcbLxx12L8bcRbe3SFsPeaJCMA==}

  intertype@7.7.0:
    resolution: {integrity: sha512-Sv923oXpq9In8/CuxP5KAKc3FIETOEl23ltwSfLOnn/8V8A5pDRlxWo0vhaA6p7WybRMgeZXsE4Etw98tWUMPA==}

  intertype@7.7.1:
    resolution: {integrity: sha512-GgGJYdbHaZ5AM4TvxzXSfkgFwAIEl6w3yIFiDY15uc85W41YfSRL0vNuO68tjNQ3gNIJ+U+xOYA8cw9NN8j0JQ==}

  is-binary-path@2.1.0:
    resolution: {integrity: sha512-ZMERYes6pDydyuGidse7OsHxtbI7WVeUEozgR/g7rd0xUimYNlvZRE/K2MgZTjWy725IfelLeVcEM97mmtRGXw==}
    engines: {node: '>=8'}

  is-extglob@2.1.1:
    resolution: {integrity: sha512-SbKbANkN603Vi4jEZv49LeVJMn4yGwsbzZworEoyEiutsN3nJYdbO36zfhGJ6QEDpOZIFkDtnq5JRxmvl3jsoQ==}
    engines: {node: '>=0.10.0'}

  is-fullwidth-code-point@3.0.0:
    resolution: {integrity: sha512-zymm5+u+sCsSWyD9qNaejV3DFvhCKclKdizYaJUuHA83RLjb7nSuGnddCHGv0hk+KY7BMAlsWeK4Ueg6EV6XQg==}
    engines: {node: '>=8'}

  is-glob@4.0.3:
    resolution: {integrity: sha512-xelSayHH36ZgE7ZWhli7pW34hNbNl8Ojv5KVmkJD4hBdD3th8Tfk9vYasLM+mXWOZhFkgZfxhLSnrwRr4elSSg==}
    engines: {node: '>=0.10.0'}

  is-number@7.0.0:
    resolution: {integrity: sha512-41Cifkg6e8TylSpdtTpeLVMqvSBEVzTttHvERD741+pnZ8ANv0004MRL43QKPDlK9cGvNp6NZWZUBlbGXYxxng==}
    engines: {node: '>=0.12.0'}

  jfee@0.1.4:
    resolution: {integrity: sha512-XM3NLlcQGunAXg2c4Os28LWzLjbnrQE7NMwc4q38hgsAbTMIKu1IXceEz4sVXp55fU4Q0c+8+5OgMWxRgnpFNw==}

  jsx-number-format@0.1.5:
    resolution: {integrity: sha512-eS1SvW5Lm+UQOrpxqtTF6NgPDupYlCV1GXJr+f/1yp+nwQH/4qW6XarwCcdphQjNHrJFC4ko2MgRyRDS/ypqZw==}

  letsfreezethat@3.1.0:
    resolution: {integrity: sha512-jJ1nvvQi6unW0WifjNPMIb64Byom0EXzSKWFYA++EpyjK3qv1J2pqeSoEJ61tGJoNG0GoNjPoeLYhxW16riZaA==}

  load-source-map@3.0.1:
    resolution: {integrity: sha512-TMYgVXwivT/VeOk0h+chnlhgCclG9xaB8v0Z07gOGDuvE1Vg60fW4NOIPMQ+h64jYYgfgenp0AsdczQWfRAoVw==}
    engines: {node: '>=12'}

  lodash.sortby@4.7.0:
    resolution: {integrity: sha512-HDWXG8isMntAyRF5vZ7xKuEvOhT4AhlRt/3czTSjvGUxjYCBVRQY48ViDHyfYz9VIoBkW4TMGQNapx+l3RUwdA==}

  multimix@5.0.0:
    resolution: {integrity: sha512-N9cdGSDDD7kxOV7R6e4iZqsHTZ4F4iiSDWqMcVqx4gEH6HBtRXav39Gj3fgT1YqvBcwPCQuf0Oa5R2cDaLWK8A==}

  nodexh@2.2.2:
    resolution: {integrity: sha512-MPxjFKRysuUaniLKqzojRMIs+528tGQW6zk5CGcH5BA7CAs1nARhlMVqbUKdxfCFWNhscPE7Gr0ch4ThvsMlOg==}
    hasBin: true

  normalize-path@3.0.0:
    resolution: {integrity: sha512-6eZs5Ls3WtCisHWp9S2GUy8dqkpGi4BVSz3GaqiE6ezub0512ESztXUwUB6C6IKbQkY2Pnb/mD4WYojCRwcwLA==}
    engines: {node: '>=0.10.0'}

  once@1.4.0:
    resolution: {integrity: sha512-lNaJgI+2Q5URQBkccEKHTQOPaXdUxnZZElQTZY0MFUAuaEqe1E+Nyvgdz/aIyNi6Z9MzO5dv1H8n58/GELp3+w==}

  paragate@4.0.0:
    resolution: {integrity: sha512-A8YfTy45QXLe/Wm8rwjTzN5J9g4YxEnAxZsVEv0FdKeBs/ENIvZAiJ/KHwovQ8NE141/L5jJOnpy3QZZJ09vTg==}

  picomatch@2.3.1:
    resolution: {integrity: sha512-JU3teHTNjmE2VCGFzuY8EXzCDVwEqB2a8fsIvwaStHhAWJEeVd1o1QD80CU6+ZdEXXSLbSsuLwJjkCBWqRQUVA==}
    engines: {node: '>=8.6'}

  punycode@2.3.1:
    resolution: {integrity: sha512-vYt7UD1U9Wg6138shLtLOvdAu+8DsC/ilFtEVHcH+wydcSpNE20AfSOduf6MkRFahL5FY7X1oU7nKVZFtfq8Fg==}
    engines: {node: '>=6'}

  readdirp@3.6.0:
    resolution: {integrity: sha512-hOS089on8RduqdbhvQ5Z37A0ESjsqz6qnRcffsMU3495FuTdqSm+7bhJ29JvIOsBDEEnan5DPu9t3To9VRlMzA==}
    engines: {node: '>=8.10.0'}

  regexp-to-ast@0.5.0:
    resolution: {integrity: sha512-tlbJqcMHnPKI9zSrystikWKwHkBqu2a/Sgw01h3zFjvYrMxEDYHzzoMZnUrbIfpTFEsoRnnviOXNCzFiSc54Qw==}

  source-map@0.8.0-beta.0:
    resolution: {integrity: sha512-2ymg6oRBpebeZi9UUNsgQ89bhx01TcTkmNTGnNO88imTmbSgy4nfujrgVEFKWpMTEGA11EDkTt7mqObTPdigIA==}
    engines: {node: '>= 8'}

  steampipes@6.7.1:
    resolution: {integrity: sha512-glgBCkjJr+0MeEiIc5UD4HMVIVNrGYYJ7QhylARTNksPTp59+HW/qIhPd/3xWEaHWjxkEsbM4zigCurmZifYrA==}

  string-width@4.2.3:
    resolution: {integrity: sha512-wKyQRQpjJ0sIp62ErSZdGsjMJWsap5oRNihHhu6G7JVO/9jIB6UyevL+tXuOqrng8j/cxKTWyWUwvSTriiZz/g==}
    engines: {node: '>=8'}

  strip-ansi@6.0.1:
    resolution: {integrity: sha512-Y38VPSHcqkFrCpFnQ9vuSXmquuv5oXOKpGeT6aGrr3o3Gc9AlVa6JBfUSOCnbxGGZF+/0ooI7KrPuUSztUdU5A==}
    engines: {node: '>=8'}

  timsort@0.3.0:
    resolution: {integrity: sha512-qsdtZH+vMoCARQtyod4imc2nIJwg9Cc7lPRrw9CzF8ZKR0khdr8+2nX80PBhET3tcyTtJDxAffGh2rXH4tyU8A==}

  tmp@0.2.3:
    resolution: {integrity: sha512-nZD7m9iCPC5g0pYmcaxogYKggSfLsdxl8of3Q/oIbqCqLLIO9IAF0GWjX1z9NZRHPiXv8Wex4yDCaZsgEw0Y8w==}
    engines: {node: '>=14.14'}

  to-regex-range@5.0.1:
    resolution: {integrity: sha512-65P7iz6X5yEr1cwcgvQxbbIw7Uk3gOy5dIdtZ4rDveLqhrdJP+Li/Hx6tyK0NEb+2GCyneCMJiGqrADCSNk8sQ==}
    engines: {node: '>=8.0'}

  to-width@1.2.0:
    resolution: {integrity: sha512-ok/CRyzSZVA6xk9t5PuWuh3SHqCtKCkhI6dfF2YaVX11clXz4yAxxyesC27+m54ilrMRtqTI9UNQRct8lwVYZQ==}

  tr46@1.0.1:
    resolution: {integrity: sha512-dTpowEjclQ7Kgx5SdBkqRzVhERQXov8/l9Ft9dVM9fmg0W0KQSVaXX9T4i6twCPNtYiZM53lpSSUAwJbFPOHxA==}

  varsize-string@2.2.2:
    resolution: {integrity: sha512-Wuq8/cNzDSWYYQ1KlTk6IyGrRJOMU1YX21RSgEl3psbAGdExTBOIDWd80Z1n74A/24kStNT9QgylJHVjqgRpsQ==}

  wcsize@1.0.0:
    resolution: {integrity: sha512-80ziCk3Z+iLfhgAbMBMU+PjoSFi9dg0FIKYd9xRiF15wfwJlzxu1mdIUdIv9iE1gpkX/4hV2QBbkNlydXgEFMA==}

  wcstring@2.1.1:
    resolution: {integrity: sha512-81yoFUY/2Fw4RFzIkrlC47g7023/XkKofj62CNFT1kdZn6z7o2xhz8ffR7Wat76SuJTmrFNLmGDd7FLaZsIo5A==}

  webidl-conversions@4.0.2:
    resolution: {integrity: sha512-YQ+BmxuTgd6UXZW3+ICGfyqRyHXVlD5GtQr5+qjiNW7bF0cqrzX500HVXPBOvgXb5YnzDd+h0zqyv61KUD7+Sg==}

  whatwg-url@7.1.0:
    resolution: {integrity: sha512-WUu7Rg1DroM7oQvGWfOiAK21n74Gg+T4elXEQYkOhtyLeWiJFoOGLXPKI/9gzIie9CtwVLm8wtw6YJdKyxSjeg==}

  wrappy@1.0.2:
    resolution: {integrity: sha512-l4Sp/DRseor9wL6EvV2+TuQn63dMkPjZ/sp9XkghTEbV9KlPS1xUsZ3u7/IQO4wxtcFB4bgpQPRcR3QCvezPcQ==}

snapshots:

  '@chevrotain/types@9.1.0': {}

  '@chevrotain/utils@9.1.0': {}

  '@uppy/fs-tail-stream@1.2.0':
    dependencies:
      once: 1.4.0

  acorn-loose@8.5.2:
    dependencies:
      acorn: 8.15.0

  acorn-walk@8.3.4:
    dependencies:
      acorn: 8.15.0

  acorn@8.15.0: {}

  ansi-regex@5.0.1: {}

  anymatch@3.1.3:
    dependencies:
      normalize-path: 3.0.0
      picomatch: 2.3.1

  astring@1.9.0: {}

  binary-extensions@2.3.0: {}

  braces@3.0.3:
    dependencies:
      fill-range: 7.1.1

  chevrotain@9.1.0:
    dependencies:
      '@chevrotain/types': 9.1.0
      '@chevrotain/utils': 9.1.0
      regexp-to-ast: 0.5.0

  chokidar@3.6.0:
    dependencies:
      anymatch: 3.1.3
      braces: 3.0.3
      glob-parent: 5.1.2
      is-binary-path: 2.1.0
      is-glob: 4.0.3
      normalize-path: 3.0.0
      readdirp: 3.6.0
    optionalDependencies:
      fsevents: 2.3.3

  cnd@9.2.1: {}

  cnd@9.2.2:
    dependencies:
      jsx-number-format: 0.1.5

  cnd@9.3.0(acorn-loose@8.5.2)(acorn-walk@8.3.4)(acorn@8.15.0)(astring@1.9.0)(chokidar@3.6.0)(dayjs@1.11.13)(tmp@0.2.3):
    dependencies:
      jsx-number-format: 0.1.5
      nodexh: 2.2.2(acorn-loose@8.5.2)(acorn-walk@8.3.4)(acorn@8.15.0)(astring@1.9.0)(chokidar@3.6.0)(dayjs@1.11.13)(tmp@0.2.3)
    transitivePeerDependencies:
      - acorn
      - acorn-loose
      - acorn-walk
      - astring
      - chokidar
      - dayjs
      - tmp

  color-convert@2.0.1:
    dependencies:
      color-name: 1.1.4

  color-name@1.1.4: {}

  cupofjoe@0.2.1:
    dependencies:
      cnd: 9.2.1
      intertype: 7.6.5
      multimix: 5.0.0

  datom@8.0.3(acorn-loose@8.5.2)(acorn-walk@8.3.4)(acorn@8.15.0)(astring@1.9.0)(chokidar@3.6.0)(dayjs@1.11.13)(tmp@0.2.3):
    dependencies:
      cnd: 9.3.0(acorn-loose@8.5.2)(acorn-walk@8.3.4)(acorn@8.15.0)(astring@1.9.0)(chokidar@3.6.0)(dayjs@1.11.13)(tmp@0.2.3)
      cupofjoe: 0.2.1
      emittery: 0.6.0
      intertype: 7.6.5
      letsfreezethat: 3.1.0
      multimix: 5.0.0
    transitivePeerDependencies:
      - acorn
      - acorn-loose
      - acorn-walk
      - astring
      - chokidar
      - dayjs
      - tmp

  dayjs@1.11.13: {}

  diff-match-patch@1.0.5: {}

  emittery@0.6.0: {}

  emoji-regex@8.0.0: {}

  error-callsites@2.0.4: {}

  fill-range@7.1.1:
    dependencies:
      to-regex-range: 5.0.1

  fsevents@2.3.3:
    optional: true

  glob-parent@5.1.2:
    dependencies:
      is-glob: 4.0.3

  guy@10.2.0(acorn-loose@8.5.2)(acorn-walk@8.3.4)(acorn@8.15.0)(astring@1.9.0):
    dependencies:
      acorn: 8.15.0
      acorn-loose: 8.5.2
      acorn-walk: 8.3.4
      astring: 1.9.0
      intertype-legacy: 7.7.1
      letsfreezethat: 3.1.0

  guy@13.7.2(acorn-loose@8.5.2)(acorn-walk@8.3.4)(acorn@8.15.0)(astring@1.9.0)(chokidar@3.6.0)(dayjs@1.11.13)(tmp@0.2.3):
    dependencies:
      acorn: 8.15.0
      acorn-loose: 8.5.2
      acorn-walk: 8.3.4
      astring: 1.9.0
      chokidar: 3.6.0
      dayjs: 1.11.13
      intertype-legacy: 7.7.1
      letsfreezethat: 3.1.0
      tmp: 0.2.3

  hyphenopoly@4.12.0: {}

  intertext-splitlines@1.2.1(acorn-loose@8.5.2)(acorn-walk@8.3.4)(acorn@8.15.0)(astring@1.9.0)(chokidar@3.6.0)(dayjs@1.11.13)(tmp@0.2.3):
    dependencies:
      cnd: 9.3.0(acorn-loose@8.5.2)(acorn-walk@8.3.4)(acorn@8.15.0)(astring@1.9.0)(chokidar@3.6.0)(dayjs@1.11.13)(tmp@0.2.3)
      intertype: 7.6.5
    transitivePeerDependencies:
      - acorn
      - acorn-loose
      - acorn-walk
      - astring
      - chokidar
      - dayjs
      - tmp

  intertext@8.0.0(acorn-loose@8.5.2)(acorn-walk@8.3.4)(acorn@8.15.0)(astring@1.9.0)(chokidar@3.6.0)(dayjs@1.11.13)(tmp@0.2.3):
    dependencies:
      cnd: 9.2.2
      color-convert: 2.0.1
      cupofjoe: 0.2.1
      datom: 8.0.3(acorn-loose@8.5.2)(acorn-walk@8.3.4)(acorn@8.15.0)(astring@1.9.0)(chokidar@3.6.0)(dayjs@1.11.13)(tmp@0.2.3)
      diff-match-patch: 1.0.5
      hyphenopoly: 4.12.0
      intertype: 7.7.0
      multimix: 5.0.0
      steampipes: 6.7.1(acorn-loose@8.5.2)(acorn-walk@8.3.4)(acorn@8.15.0)(astring@1.9.0)(chokidar@3.6.0)(dayjs@1.11.13)(tmp@0.2.3)
      to-width: 1.2.0
    transitivePeerDependencies:
      - acorn
      - acorn-loose
      - acorn-walk
      - astring
      - chokidar
      - dayjs
      - tmp

  intertype-legacy@7.7.1:
    dependencies:
      multimix: 5.0.0

  intertype@7.6.5:
    dependencies:
      multimix: 5.0.0

  intertype@7.7.0:
    dependencies:
      multimix: 5.0.0

  intertype@7.7.1:
    dependencies:
      multimix: 5.0.0

  is-binary-path@2.1.0:
    dependencies:
      binary-extensions: 2.3.0

  is-extglob@2.1.1: {}

  is-fullwidth-code-point@3.0.0: {}

  is-glob@4.0.3:
    dependencies:
      is-extglob: 2.1.1

  is-number@7.0.0: {}

  jfee@0.1.4(acorn-loose@8.5.2)(acorn-walk@8.3.4)(acorn@8.15.0)(astring@1.9.0)(chokidar@3.6.0)(dayjs@1.11.13)(tmp@0.2.3):
    dependencies:
      cnd: 9.3.0(acorn-loose@8.5.2)(acorn-walk@8.3.4)(acorn@8.15.0)(astring@1.9.0)(chokidar@3.6.0)(dayjs@1.11.13)(tmp@0.2.3)
      intertype: 7.6.5
    transitivePeerDependencies:
      - acorn
      - acorn-loose
      - acorn-walk
      - astring
      - chokidar
      - dayjs
      - tmp

  jsx-number-format@0.1.5: {}

  letsfreezethat@3.1.0: {}

  load-source-map@3.0.1:
    dependencies:
      source-map: 0.8.0-beta.0

  lodash.sortby@4.7.0: {}

  multimix@5.0.0: {}

  nodexh@2.2.2(acorn-loose@8.5.2)(acorn-walk@8.3.4)(acorn@8.15.0)(astring@1.9.0)(chokidar@3.6.0)(dayjs@1.11.13)(tmp@0.2.3):
    dependencies:
      error-callsites: 2.0.4
      guy: 13.7.2(acorn-loose@8.5.2)(acorn-walk@8.3.4)(acorn@8.15.0)(astring@1.9.0)(chokidar@3.6.0)(dayjs@1.11.13)(tmp@0.2.3)
      load-source-map: 3.0.1
    transitivePeerDependencies:
      - acorn
      - acorn-loose
      - acorn-walk
      - astring
      - chokidar
      - dayjs
      - tmp

  normalize-path@3.0.0: {}

  once@1.4.0:
    dependencies:
      wrappy: 1.0.2

  paragate@4.0.0(acorn-loose@8.5.2)(acorn-walk@8.3.4)(acorn@8.15.0)(astring@1.9.0)(chokidar@3.6.0)(dayjs@1.11.13)(tmp@0.2.3):
    dependencies:
      chevrotain: 9.1.0
      cnd: 9.3.0(acorn-loose@8.5.2)(acorn-walk@8.3.4)(acorn@8.15.0)(astring@1.9.0)(chokidar@3.6.0)(dayjs@1.11.13)(tmp@0.2.3)
      datom: 8.0.3(acorn-loose@8.5.2)(acorn-walk@8.3.4)(acorn@8.15.0)(astring@1.9.0)(chokidar@3.6.0)(dayjs@1.11.13)(tmp@0.2.3)
      intertext: 8.0.0(acorn-loose@8.5.2)(acorn-walk@8.3.4)(acorn@8.15.0)(astring@1.9.0)(chokidar@3.6.0)(dayjs@1.11.13)(tmp@0.2.3)
      intertype: 7.7.1
      multimix: 5.0.0
      steampipes: 6.7.1(acorn-loose@8.5.2)(acorn-walk@8.3.4)(acorn@8.15.0)(astring@1.9.0)(chokidar@3.6.0)(dayjs@1.11.13)(tmp@0.2.3)
    transitivePeerDependencies:
      - acorn
      - acorn-loose
      - acorn-walk
      - astring
      - chokidar
      - dayjs
      - tmp

  picomatch@2.3.1: {}

  punycode@2.3.1: {}

  readdirp@3.6.0:
    dependencies:
      picomatch: 2.3.1

  regexp-to-ast@0.5.0: {}

  source-map@0.8.0-beta.0:
    dependencies:
      whatwg-url: 7.1.0

  steampipes@6.7.1(acorn-loose@8.5.2)(acorn-walk@8.3.4)(acorn@8.15.0)(astring@1.9.0)(chokidar@3.6.0)(dayjs@1.11.13)(tmp@0.2.3):
    dependencies:
      '@uppy/fs-tail-stream': 1.2.0
      cnd: 9.3.0(acorn-loose@8.5.2)(acorn-walk@8.3.4)(acorn@8.15.0)(astring@1.9.0)(chokidar@3.6.0)(dayjs@1.11.13)(tmp@0.2.3)
      datom: 8.0.3(acorn-loose@8.5.2)(acorn-walk@8.3.4)(acorn@8.15.0)(astring@1.9.0)(chokidar@3.6.0)(dayjs@1.11.13)(tmp@0.2.3)
      intertext-splitlines: 1.2.1(acorn-loose@8.5.2)(acorn-walk@8.3.4)(acorn@8.15.0)(astring@1.9.0)(chokidar@3.6.0)(dayjs@1.11.13)(tmp@0.2.3)
      intertype: 7.6.5
      jfee: 0.1.4(acorn-loose@8.5.2)(acorn-walk@8.3.4)(acorn@8.15.0)(astring@1.9.0)(chokidar@3.6.0)(dayjs@1.11.13)(tmp@0.2.3)
      multimix: 5.0.0
      timsort: 0.3.0
    transitivePeerDependencies:
      - acorn
      - acorn-loose
      - acorn-walk
      - astring
      - chokidar
      - dayjs
      - tmp

  string-width@4.2.3:
    dependencies:
      emoji-regex: 8.0.0
      is-fullwidth-code-point: 3.0.0
      strip-ansi: 6.0.1

  strip-ansi@6.0.1:
    dependencies:
      ansi-regex: 5.0.1

  timsort@0.3.0: {}

  tmp@0.2.3: {}

  to-regex-range@5.0.1:
    dependencies:
      is-number: 7.0.0

  to-width@1.2.0:
    dependencies:
      string-width: 4.2.3
      wcstring: 2.1.1

  tr46@1.0.1:
    dependencies:
      punycode: 2.3.1

  varsize-string@2.2.2: {}

  wcsize@1.0.0: {}

  wcstring@2.1.1:
    dependencies:
      varsize-string: 2.2.2
      wcsize: 1.0.0

  webidl-conversions@4.0.2: {}

  whatwg-url@7.1.0:
    dependencies:
      lodash.sortby: 4.7.0
      tr46: 1.0.1
      webidl-conversions: 4.0.2

  wrappy@1.0.2: {}
